
Microsoft Visual Studio Solution File, Format Version 11.00
# Visual Studio 2010
Project("{FAE04EC0-301F-11D3-BF4B-00C04F79EFBC}") = "FileWatcher", "FileWatcher\FileWatcher.csproj", "{72495A91-AB04-4830-B5C9-B4F719611108}"
EndProject
Global
	GlobalSection(SolutionConfigurationPlatforms) = preSolution
		Debug|x86 = Debug|x86
		Release|x86 = Release|x86
	EndGlobalSection
	GlobalSection(ProjectConfigurationPlatforms) = postSolution
		{72495A91-AB04-4830-B5C9-B4F719611108}.Debug|x86.ActiveCfg = Debug|x86
		{72495A91-AB04-4830-B5C9-B4F719611108}.Debug|x86.Build.0 = Debug|x86
		{72495A91-AB04-4830-B5C9-B4F719611108}.Release|x86.ActiveCfg = Release|x86
		{72495A91-AB04-4830-B5C9-B4F719611108}.Release|x86.Build.0 = Release|x86
	EndGlobalSection
	GlobalSection(SolutionProperties) = preSolution
		HideSolutionNode = FALSE
	EndGlobalSection
EndGlobal
